{
  "version": 4,
  "terraform_version": "0.15.4",
  "serial": 562,
  "lineage": "ffb7ad69-a2ac-bb48-9176-a77aa7ccf102",
  "outputs": {},
  "resources": [
    {
      "mode": "data",
      "type": "archive_file",
      "name": "resources",
      "provider": "provider[\"registry.terraform.io/hashicorp/archive\"]",
      "instances": [
        {
          "schema_version": 0,
          "attributes": {
            "excludes": null,
            "id": "670bd0881e767381b10a3a35c4a43704679e5bf5",
            "output_base64sha256": "MBX8eE4aXdVa8ehLG8JchMXDxDDU4jcA1EJduRnm+aw=",
            "output_file_mode": null,
            "output_md5": "644ec2b1d967b559d03ac51346d3896a",
            "output_path": "resources.zip",
            "output_sha": "670bd0881e767381b10a3a35c4a43704679e5bf5",
            "output_size": 3029,
            "source": [],
            "source_content": null,
            "source_content_filename": null,
            "source_dir": "/Users/jakeersyed/Desktop/code/twitter-realtime-sentiment-analysis-data-pipeline/twitter-sentiment-analysis/resources",
            "source_file": null,
            "type": "zip"
          },
          "sensitive_attributes": []
        }
      ]
    },
    {
      "mode": "data",
      "type": "archive_file",
      "name": "twitterAnalyserCode",
      "provider": "provider[\"registry.terraform.io/hashicorp/archive\"]",
      "instances": [
        {
          "schema_version": 0,
          "attributes": {
            "excludes": null,
            "id": "ec3634fc457e6888b023c6d254befa7f3afba763",
            "output_base64sha256": "1tdUmECUmi7j7rTVpA6TXdHr+sIMHwRdDLpG7t+prj0=",
            "output_file_mode": null,
            "output_md5": "78f8779b079a7ba88e9bd4909b3c2a0e",
            "output_path": "twitterAnalyserCode.zip",
            "output_sha": "ec3634fc457e6888b023c6d254befa7f3afba763",
            "output_size": 5089,
            "source": [],
            "source_content": null,
            "source_content_filename": null,
            "source_dir": "/Users/jakeersyed/Desktop/code/twitter-realtime-sentiment-analysis-data-pipeline/twitter-sentiment-analysis/twitterAnalyser",
            "source_file": null,
            "type": "zip"
          },
          "sensitive_attributes": []
        }
      ]
    },
    {
      "mode": "data",
      "type": "archive_file",
      "name": "twitterListenerCode",
      "provider": "provider[\"registry.terraform.io/hashicorp/archive\"]",
      "instances": [
        {
          "schema_version": 0,
          "attributes": {
            "excludes": null,
            "id": "8fe386b54eb79b5a2806c5b473c5a9e35aede081",
            "output_base64sha256": "4WilTwvSUOtL5tzOE6CP6DiVNbGeZeoIIjIwdXOVZqA=",
            "output_file_mode": null,
            "output_md5": "2bf08bb39dfe38418137a6f231bc1c8c",
            "output_path": "twitterListenerCode.zip",
            "output_sha": "8fe386b54eb79b5a2806c5b473c5a9e35aede081",
            "output_size": 1855,
            "source": [],
            "source_content": null,
            "source_content_filename": null,
            "source_dir": "/Users/jakeersyed/Desktop/code/twitter-realtime-sentiment-analysis-data-pipeline/twitter-sentiment-analysis/twitterListener",
            "source_file": null,
            "type": "zip"
          },
          "sensitive_attributes": []
        }
      ]
    },
    {
      "mode": "managed",
      "type": "google_bigquery_dataset",
      "name": "twitter-dataset",
      "provider": "provider[\"registry.terraform.io/hashicorp/google\"]",
      "instances": [
        {
          "schema_version": 0,
          "attributes": {
            "access": [
              {
                "domain": "",
                "group_by_email": "",
                "role": "OWNER",
                "special_group": "",
                "user_by_email": "790982757019-compute@developer.gserviceaccount.com",
                "view": []
              },
              {
                "domain": "",
                "group_by_email": "",
                "role": "OWNER",
                "special_group": "projectOwners",
                "user_by_email": "",
                "view": []
              },
              {
                "domain": "",
                "group_by_email": "",
                "role": "READER",
                "special_group": "projectReaders",
                "user_by_email": "",
                "view": []
              },
              {
                "domain": "",
                "group_by_email": "",
                "role": "WRITER",
                "special_group": "projectWriters",
                "user_by_email": "",
                "view": []
              }
            ],
            "creation_time": 1623854581280,
            "dataset_id": "TWITTER_DATA",
            "default_encryption_configuration": [],
            "default_partition_expiration_ms": 0,
            "default_table_expiration_ms": 3600000,
            "delete_contents_on_destroy": true,
            "description": "This is twitter sentiment analysis dataset",
            "etag": "cVJLkLKNQLNknaA66zJB8w==",
            "friendly_name": "tweetdata",
            "id": "projects/melodic-media-312309/datasets/TWITTER_DATA",
            "labels": null,
            "last_modified_time": 1623854581280,
            "location": "EU",
            "project": "melodic-media-312309",
            "self_link": "https://bigquery.googleapis.com/bigquery/v2/projects/melodic-media-312309/datasets/TWITTER_DATA",
            "timeouts": null
          },
          "sensitive_attributes": [],
          "private": "eyJlMmJmYjczMC1lY2FhLTExZTYtOGY4OC0zNDM2M2JjN2M0YzAiOnsiY3JlYXRlIjoyNDAwMDAwMDAwMDAsImRlbGV0ZSI6MjQwMDAwMDAwMDAwLCJ1cGRhdGUiOjI0MDAwMDAwMDAwMH19"
        }
      ]
    },
    {
      "mode": "managed",
      "type": "google_compute_instance",
      "name": "twitter-instance",
      "provider": "provider[\"registry.terraform.io/hashicorp/google\"]",
      "instances": [
        {
          "schema_version": 6,
          "attributes": {
            "allow_stopping_for_update": null,
            "attached_disk": [],
            "boot_disk": [
              {
                "auto_delete": true,
                "device_name": "persistent-disk-0",
                "disk_encryption_key_raw": "",
                "disk_encryption_key_sha256": "",
                "initialize_params": [
                  {
                    "image": "https://www.googleapis.com/compute/v1/projects/debian-cloud/global/images/debian-10-buster-v20210609",
                    "labels": {},
                    "size": 10,
                    "type": "pd-standard"
                  }
                ],
                "kms_key_self_link": "",
                "mode": "READ_WRITE",
                "source": "https://www.googleapis.com/compute/v1/projects/melodic-media-312309/zones/europe-west3-c/disks/twitter-scraper"
              }
            ],
            "can_ip_forward": false,
            "confidential_instance_config": [],
            "cpu_platform": "Intel Broadwell",
            "current_status": "RUNNING",
            "deletion_protection": false,
            "description": "",
            "desired_status": null,
            "enable_display": false,
            "guest_accelerator": [],
            "hostname": "",
            "id": "projects/melodic-media-312309/zones/europe-west3-c/instances/twitter-scraper",
            "instance_id": "2446139888658527001",
            "label_fingerprint": "42WmSpB8rSM=",
            "labels": null,
            "machine_type": "n1-standard-1",
            "metadata": null,
            "metadata_fingerprint": "XPDgwYypd08=",
            "metadata_startup_script": "#!/bin/sh\nPROJECT=melodic-media-312309\nBUCKET=twitter-resources-bucket\nTOPIC=twitter-stream\nREGION=europe-west1\nexport PROJECT_ID=$PROJECT\nexport BUCKET=$BUCKET\nexport TOPIC_NAME=$TOPIC\nexport REGION=$REGION\nsudo apt-get  update\nsudo apt-get -y install python3-distutils\nsudo curl \"https://bootstrap.pypa.io/get-pip.py\" -o \"get-pip.py\"\nsudo python3 get-pip.py\npip install tweepy --user\npip install emoji --user\npip install apache-beam[gcp]==2.23.0 --user\npip install google-cloud-language --user\nsudo apt-get -y install google-cloud-sdk\nsudo apt-get -y install zip unzip\nsudo python3 -m pip install google-cloud-pubsub\ngsutil cp gs://twitter-resources-bucket/resources.zip resources.zip\nunzip -o resources.zip\nexport GOOGLE_APPLICATION_CREDENTIALS=melodic-media-312309-9c418a501ed2.json\ngsutil cp gs://twitter-resources-bucket/twitterAnalyserCode.zip twitterAnalyserCode.zip\nmkdir twitterAnalyserCode\nunzip -o twitterAnalyserCode.zip -d twitterAnalyserCode\ncd twitterAnalyserCode\nchmod 777 main.py\npython3 -m main \\\n--runner TemplatingDataFlowPipelineRunner \\\n--inputSubscription 'projects/melodic-media-312309/subscriptions/twitter-subscription' \\\n--output_table 'melodic-media-312309:TWITTER_DATA.TWEET_DATA' \\\n--region $REGION \\\n--project $PROJECT_ID \\\n--staging_location 'gs://twitter-resources-bucket/staging' \\\n--temp_location 'gs://twitter-resources-bucket/tmp' \\\n--serviceAccount=790982757019-compute@developer.gserviceaccount.com \\\n--setup_file '~/twitterAnalyserCode/setup.py' \\\n--template_location 'gs://twitter-resources-bucket/templates/tweetAnalysertemplate'\ncd ..\ngsutil cp gs://twitter-resources-bucket/twitterListenerCode.zip twitterListenerCode.zip\nmkdir twitterListenerCode\ncp melodic-media-312309-9c418a501ed2.json twitterListenerCode\ncp account.json twitterListenerCode\nunzip -o twitterListenerCode.zip -d twitterListenerCode\ncd twitterListenerCode\nchmod 777 twitterListener.py\nnohup python3 twitterListener.py\n\n",
            "min_cpu_platform": "",
            "name": "twitter-scraper",
            "network_interface": [
              {
                "access_config": [
                  {
                    "nat_ip": "34.89.148.229",
                    "network_tier": "PREMIUM",
                    "public_ptr_domain_name": ""
                  }
                ],
                "alias_ip_range": [],
                "name": "nic0",
                "network": "https://www.googleapis.com/compute/v1/projects/melodic-media-312309/global/networks/default",
                "network_ip": "10.156.0.27",
                "nic_type": "",
                "subnetwork": "https://www.googleapis.com/compute/v1/projects/melodic-media-312309/regions/europe-west3/subnetworks/default",
                "subnetwork_project": "melodic-media-312309"
              }
            ],
            "project": "melodic-media-312309",
            "resource_policies": null,
            "scheduling": [
              {
                "automatic_restart": true,
                "min_node_cpus": 0,
                "node_affinities": [],
                "on_host_maintenance": "MIGRATE",
                "preemptible": false
              }
            ],
            "scratch_disk": [],
            "self_link": "https://www.googleapis.com/compute/v1/projects/melodic-media-312309/zones/europe-west3-c/instances/twitter-scraper",
            "service_account": [
              {
                "email": "790982757019-compute@developer.gserviceaccount.com",
                "scopes": [
                  "https://www.googleapis.com/auth/compute.readonly",
                  "https://www.googleapis.com/auth/devstorage.full_control",
                  "https://www.googleapis.com/auth/devstorage.read_only",
                  "https://www.googleapis.com/auth/monitoring",
                  "https://www.googleapis.com/auth/monitoring.write",
                  "https://www.googleapis.com/auth/pubsub",
                  "https://www.googleapis.com/auth/service.management.readonly",
                  "https://www.googleapis.com/auth/servicecontrol",
                  "https://www.googleapis.com/auth/userinfo.email"
                ]
              }
            ],
            "shielded_instance_config": [
              {
                "enable_integrity_monitoring": true,
                "enable_secure_boot": false,
                "enable_vtpm": true
              }
            ],
            "tags": null,
            "tags_fingerprint": "42WmSpB8rSM=",
            "timeouts": null,
            "zone": "europe-west3-c"
          },
          "sensitive_attributes": [],
          "private": "eyJlMmJmYjczMC1lY2FhLTExZTYtOGY4OC0zNDM2M2JjN2M0YzAiOnsiY3JlYXRlIjoxMjAwMDAwMDAwMDAwLCJkZWxldGUiOjEyMDAwMDAwMDAwMDAsInVwZGF0ZSI6MTIwMDAwMDAwMDAwMH0sInNjaGVtYV92ZXJzaW9uIjoiNiJ9"
        }
      ]
    },
    {
      "mode": "managed",
      "type": "google_dataflow_job",
      "name": "twitter-sentiment-analysis-job",
      "provider": "provider[\"registry.terraform.io/hashicorp/google\"]",
      "instances": [
        {
          "schema_version": 0,
          "attributes": {
            "additional_experiments": [
              "beam_fn_api",
              "enable_streaming_engine",
              "enable_windmill_service",
              "runner_harness_container_image=gcr.io/cloud-dataflow/v1beta3/harness:2.23.0",
              "use_fastavro",
              "use_multiple_sdk_containers",
              "use_runner_v2",
              "use_unified_worker"
            ],
            "enable_streaming_engine": null,
            "id": "2021-06-16_07_48_04-11626899338552530078",
            "ip_configuration": null,
            "job_id": "2021-06-16_07_48_04-11626899338552530078",
            "kms_key_name": "",
            "labels": null,
            "machine_type": "",
            "max_workers": null,
            "name": "twitter-sentiment-analysis-job",
            "network": "",
            "on_delete": "drain",
            "parameters": {
              "inputSubscription": "projects/melodic-media-312309/subscriptions/twitter-subscription",
              "output_table": "melodic-media-312309:TWITTER_DATA.TWEET_DATA",
              "project": "melodic-media-312309",
              "runner": "DataFlowRunner",
              "setup_file": "gs://twitter-resources-bucket/setup.py",
              "staging_location": "gs://twitter-resources-bucket/staging/"
            },
            "project": "melodic-media-312309",
            "region": null,
            "service_account_email": "",
            "state": "JOB_STATE_PENDING",
            "subnetwork": null,
            "temp_gcs_location": "gs://twitter-resources-bucket/tmp/",
            "template_gcs_path": "gs://twitter-resources-bucket/templates/tweetAnalysertemplate",
            "timeouts": null,
            "transform_name_mapping": null,
            "type": "JOB_TYPE_STREAMING",
            "zone": "us-central1-a"
          },
          "sensitive_attributes": [],
          "private": "eyJlMmJmYjczMC1lY2FhLTExZTYtOGY4OC0zNDM2M2JjN2M0YzAiOnsidXBkYXRlIjo2MDAwMDAwMDAwMDB9fQ==",
          "dependencies": [
            "google_bigquery_dataset.twitter-dataset",
            "time_sleep.wait_5_minutes"
          ]
        }
      ]
    },
    {
      "mode": "managed",
      "type": "google_pubsub_subscription",
      "name": "tweet-subscriber",
      "provider": "provider[\"registry.terraform.io/hashicorp/google\"]",
      "instances": [
        {
          "schema_version": 0,
          "attributes": {
            "ack_deadline_seconds": 10,
            "dead_letter_policy": [],
            "enable_message_ordering": false,
            "expiration_policy": [
              {
                "ttl": "2678400s"
              }
            ],
            "filter": "",
            "id": "projects/melodic-media-312309/subscriptions/twitter-subscription",
            "labels": null,
            "message_retention_duration": "604800s",
            "name": "twitter-subscription",
            "path": "projects/melodic-media-312309/subscriptions/twitter-subscription",
            "project": "melodic-media-312309",
            "push_config": [],
            "retain_acked_messages": false,
            "retry_policy": [],
            "timeouts": null,
            "topic": "projects/melodic-media-312309/topics/twitter-stream"
          },
          "sensitive_attributes": [],
          "private": "eyJlMmJmYjczMC1lY2FhLTExZTYtOGY4OC0zNDM2M2JjN2M0YzAiOnsiY3JlYXRlIjozNjAwMDAwMDAwMDAsImRlbGV0ZSI6MjQwMDAwMDAwMDAwLCJ1cGRhdGUiOjM2MDAwMDAwMDAwMH19",
          "dependencies": [
            "google_pubsub_topic.topic-creation"
          ]
        }
      ]
    },
    {
      "mode": "managed",
      "type": "google_pubsub_topic",
      "name": "topic-creation",
      "provider": "provider[\"registry.terraform.io/hashicorp/google\"]",
      "instances": [
        {
          "schema_version": 0,
          "attributes": {
            "id": "projects/melodic-media-312309/topics/twitter-stream",
            "kms_key_name": "",
            "labels": {
              "twitter": "realtime"
            },
            "message_storage_policy": [],
            "name": "twitter-stream",
            "project": "melodic-media-312309",
            "schema_settings": [],
            "timeouts": null
          },
          "sensitive_attributes": [],
          "private": "eyJlMmJmYjczMC1lY2FhLTExZTYtOGY4OC0zNDM2M2JjN2M0YzAiOnsiY3JlYXRlIjozNjAwMDAwMDAwMDAsImRlbGV0ZSI6MjQwMDAwMDAwMDAwLCJ1cGRhdGUiOjM2MDAwMDAwMDAwMH19"
        }
      ]
    },
    {
      "mode": "managed",
      "type": "google_storage_bucket",
      "name": "bucket",
      "provider": "provider[\"registry.terraform.io/hashicorp/google\"]",
      "instances": [
        {
          "schema_version": 0,
          "attributes": {
            "bucket_policy_only": false,
            "cors": [],
            "default_event_based_hold": false,
            "encryption": [],
            "force_destroy": true,
            "id": "twitter-resources-bucket",
            "labels": null,
            "lifecycle_rule": [],
            "location": "EU",
            "logging": [],
            "name": "twitter-resources-bucket",
            "project": "melodic-media-312309",
            "requester_pays": false,
            "retention_policy": [],
            "self_link": "https://www.googleapis.com/storage/v1/b/twitter-resources-bucket",
            "storage_class": "STANDARD",
            "uniform_bucket_level_access": false,
            "url": "gs://twitter-resources-bucket",
            "versioning": [],
            "website": []
          },
          "sensitive_attributes": [],
          "private": "bnVsbA=="
        }
      ]
    },
    {
      "mode": "managed",
      "type": "google_storage_bucket_object",
      "name": "AnalyserCode",
      "provider": "provider[\"registry.terraform.io/hashicorp/google\"]",
      "instances": [
        {
          "schema_version": 0,
          "attributes": {
            "bucket": "twitter-resources-bucket",
            "cache_control": "",
            "content": null,
            "content_disposition": "",
            "content_encoding": "",
            "content_language": "",
            "content_type": "application/zip",
            "crc32c": "5IArBQ==",
            "detect_md5hash": "ePh3mweae6iOm9SQmzwqDg==",
            "id": "twitter-resources-bucket-twitterAnalyserCode.zip",
            "kms_key_name": "",
            "md5hash": "ePh3mweae6iOm9SQmzwqDg==",
            "media_link": "https://storage.googleapis.com/download/storage/v1/b/twitter-resources-bucket/o/twitterAnalyserCode.zip?generation=1623854582756287\u0026alt=media",
            "metadata": null,
            "name": "twitterAnalyserCode.zip",
            "output_name": "twitterAnalyserCode.zip",
            "self_link": "https://www.googleapis.com/storage/v1/b/twitter-resources-bucket/o/twitterAnalyserCode.zip",
            "source": "twitterAnalyserCode.zip",
            "storage_class": "STANDARD"
          },
          "sensitive_attributes": [],
          "private": "bnVsbA==",
          "dependencies": [
            "google_storage_bucket.bucket"
          ]
        }
      ]
    },
    {
      "mode": "managed",
      "type": "google_storage_bucket_object",
      "name": "ListenerCode",
      "provider": "provider[\"registry.terraform.io/hashicorp/google\"]",
      "instances": [
        {
          "schema_version": 0,
          "attributes": {
            "bucket": "twitter-resources-bucket",
            "cache_control": "",
            "content": null,
            "content_disposition": "",
            "content_encoding": "",
            "content_language": "",
            "content_type": "application/zip",
            "crc32c": "e7Pc1Q==",
            "detect_md5hash": "K/CLs53+OEGBN6byMbwcjA==",
            "id": "twitter-resources-bucket-twitterListenerCode.zip",
            "kms_key_name": "",
            "md5hash": "K/CLs53+OEGBN6byMbwcjA==",
            "media_link": "https://storage.googleapis.com/download/storage/v1/b/twitter-resources-bucket/o/twitterListenerCode.zip?generation=1623854582782809\u0026alt=media",
            "metadata": null,
            "name": "twitterListenerCode.zip",
            "output_name": "twitterListenerCode.zip",
            "self_link": "https://www.googleapis.com/storage/v1/b/twitter-resources-bucket/o/twitterListenerCode.zip",
            "source": "twitterListenerCode.zip",
            "storage_class": "STANDARD"
          },
          "sensitive_attributes": [],
          "private": "bnVsbA==",
          "dependencies": [
            "google_storage_bucket.bucket"
          ]
        }
      ]
    },
    {
      "mode": "managed",
      "type": "google_storage_bucket_object",
      "name": "resource-data",
      "provider": "provider[\"registry.terraform.io/hashicorp/google\"]",
      "instances": [
        {
          "schema_version": 0,
          "attributes": {
            "bucket": "twitter-resources-bucket",
            "cache_control": "",
            "content": null,
            "content_disposition": "",
            "content_encoding": "",
            "content_language": "",
            "content_type": "application/zip",
            "crc32c": "JIzjuw==",
            "detect_md5hash": "ZE7CsdlntVnQOsUTRtOJag==",
            "id": "twitter-resources-bucket-resources.zip",
            "kms_key_name": "",
            "md5hash": "ZE7CsdlntVnQOsUTRtOJag==",
            "media_link": "https://storage.googleapis.com/download/storage/v1/b/twitter-resources-bucket/o/resources.zip?generation=1623854582655752\u0026alt=media",
            "metadata": null,
            "name": "resources.zip",
            "output_name": "resources.zip",
            "self_link": "https://www.googleapis.com/storage/v1/b/twitter-resources-bucket/o/resources.zip",
            "source": "resources.zip",
            "storage_class": "STANDARD"
          },
          "sensitive_attributes": [],
          "private": "bnVsbA==",
          "dependencies": [
            "google_storage_bucket.bucket"
          ]
        }
      ]
    },
    {
      "mode": "managed",
      "type": "time_sleep",
      "name": "wait_5_minutes",
      "provider": "provider[\"registry.terraform.io/hashicorp/time\"]",
      "instances": [
        {
          "schema_version": 0,
          "attributes": {
            "create_duration": "5m",
            "destroy_duration": null,
            "id": "2021-06-16T14:48:02Z",
            "triggers": null
          },
          "sensitive_attributes": [],
          "private": "bnVsbA==",
          "dependencies": [
            "google_bigquery_dataset.twitter-dataset"
          ]
        }
      ]
    }
  ]
}
